// !$*UTF8*$!
{
	archiveVersion = 1;
	classes = {
	};
	objectVersion = 55;
	objects = {

/* Begin PBXBuildFile section */
		A980A96527FED7C600A283A9 /* Coordinator.swift in Sources */ = {isa = PBXBuildFile; fileRef = A980A96427FED7C600A283A9 /* Coordinator.swift */; };
		A980A96727FEEA2C00A283A9 /* StarredRepositoryCoordinator.swift in Sources */ = {isa = PBXBuildFile; fileRef = A980A96627FEEA2C00A283A9 /* StarredRepositoryCoordinator.swift */; };
		A980A96927FEF71200A283A9 /* MainTabBarController.swift in Sources */ = {isa = PBXBuildFile; fileRef = A980A96827FEF71200A283A9 /* MainTabBarController.swift */; };
		A980A96B27FEFA2F00A283A9 /* StarredRepositoryUseCase.swift in Sources */ = {isa = PBXBuildFile; fileRef = A980A96A27FEFA2F00A283A9 /* StarredRepositoryUseCase.swift */; };
		A9CC1B1E27FF126E0002CB7E /* StarredRepositoryViewController.swift in Sources */ = {isa = PBXBuildFile; fileRef = A9CC1B1D27FF126E0002CB7E /* StarredRepositoryViewController.swift */; };
		A9CC1B2027FF12790002CB7E /* StarredRepository.storyboard in Resources */ = {isa = PBXBuildFile; fileRef = A9CC1B1F27FF12790002CB7E /* StarredRepository.storyboard */; };
		A9CC1B2227FF12820002CB7E /* StarredRepositoryViewModel.swift in Sources */ = {isa = PBXBuildFile; fileRef = A9CC1B2127FF12820002CB7E /* StarredRepositoryViewModel.swift */; };
		A9E0712427FCC38500CA7FE8 /* AppDelegate.swift in Sources */ = {isa = PBXBuildFile; fileRef = A9E0712327FCC38500CA7FE8 /* AppDelegate.swift */; };
		A9E0712627FCC38500CA7FE8 /* SceneDelegate.swift in Sources */ = {isa = PBXBuildFile; fileRef = A9E0712527FCC38500CA7FE8 /* SceneDelegate.swift */; };
		A9E0712D27FCC38700CA7FE8 /* Assets.xcassets in Resources */ = {isa = PBXBuildFile; fileRef = A9E0712C27FCC38700CA7FE8 /* Assets.xcassets */; };
		A9E0713027FCC38700CA7FE8 /* LaunchScreen.storyboard in Resources */ = {isa = PBXBuildFile; fileRef = A9E0712E27FCC38700CA7FE8 /* LaunchScreen.storyboard */; };
		A9E0713B27FCC51B00CA7FE8 /* MainCoordinator.swift in Sources */ = {isa = PBXBuildFile; fileRef = A9E0713A27FCC51B00CA7FE8 /* MainCoordinator.swift */; };
		A9E0713D27FCC64700CA7FE8 /* RepositorySearchCoordinator.swift in Sources */ = {isa = PBXBuildFile; fileRef = A9E0713C27FCC64700CA7FE8 /* RepositorySearchCoordinator.swift */; };
		A9E0714427FCC78800CA7FE8 /* RepositorySearchViewController.swift in Sources */ = {isa = PBXBuildFile; fileRef = A9E0714227FCC78800CA7FE8 /* RepositorySearchViewController.swift */; };
		A9E0714727FCC7E400CA7FE8 /* RepositorySearch.storyboard in Resources */ = {isa = PBXBuildFile; fileRef = A9E0714627FCC7E400CA7FE8 /* RepositorySearch.storyboard */; };
		A9E0714927FCC7FC00CA7FE8 /* RepositorySearchViewModel.swift in Sources */ = {isa = PBXBuildFile; fileRef = A9E0714827FCC7FC00CA7FE8 /* RepositorySearchViewModel.swift */; };
		A9E0714C27FCCE1600CA7FE8 /* RepositorySearchUseCase.swift in Sources */ = {isa = PBXBuildFile; fileRef = A9E0714B27FCCE1600CA7FE8 /* RepositorySearchUseCase.swift */; };
		A9E0714F27FCDAA400CA7FE8 /* Repository.swift in Sources */ = {isa = PBXBuildFile; fileRef = A9E0714E27FCDAA400CA7FE8 /* Repository.swift */; };
		A9E0715527FD6A8C00CA7FE8 /* String+Extensions.swift in Sources */ = {isa = PBXBuildFile; fileRef = A9E0715427FD6A8C00CA7FE8 /* String+Extensions.swift */; };
		A9E0715927FD6F2900CA7FE8 /* RepositoryTableViewCell.swift in Sources */ = {isa = PBXBuildFile; fileRef = A9E0715727FD6F2900CA7FE8 /* RepositoryTableViewCell.swift */; };
		A9E0715A27FD6F2900CA7FE8 /* RepositoryTableViewCell.xib in Resources */ = {isa = PBXBuildFile; fileRef = A9E0715827FD6F2900CA7FE8 /* RepositoryTableViewCell.xib */; };
		A9E0715D27FDDDF200CA7FE8 /* RepositoryDetailsViewController.swift in Sources */ = {isa = PBXBuildFile; fileRef = A9E0715C27FDDDF200CA7FE8 /* RepositoryDetailsViewController.swift */; };
		A9E0715F27FDDDFC00CA7FE8 /* RepositoryDetails.storyboard in Resources */ = {isa = PBXBuildFile; fileRef = A9E0715E27FDDDFC00CA7FE8 /* RepositoryDetails.storyboard */; };
		A9E0716127FDDE0A00CA7FE8 /* RepositoryDetailsViewModel.swift in Sources */ = {isa = PBXBuildFile; fileRef = A9E0716027FDDE0A00CA7FE8 /* RepositoryDetailsViewModel.swift */; };
		A9E0716327FDE13E00CA7FE8 /* RepositoryDetailsUseCase.swift in Sources */ = {isa = PBXBuildFile; fileRef = A9E0716227FDE13E00CA7FE8 /* RepositoryDetailsUseCase.swift */; };
		A9F908252800120C00822416 /* RepositoryApp.xcdatamodeld in Sources */ = {isa = PBXBuildFile; fileRef = A9F908232800120C00822416 /* RepositoryApp.xcdatamodeld */; };
		A9F9084928002BBA00822416 /* RepositoryEntity+CoreDataClass.swift in Sources */ = {isa = PBXBuildFile; fileRef = A9F9084528002BBA00822416 /* RepositoryEntity+CoreDataClass.swift */; };
		A9F9084B28002BBA00822416 /* OwnerEntity+CoreDataClass.swift in Sources */ = {isa = PBXBuildFile; fileRef = A9F9084728002BBA00822416 /* OwnerEntity+CoreDataClass.swift */; };
		A9F9084C28002BBA00822416 /* OwnerEntity+CoreDataProperties.swift in Sources */ = {isa = PBXBuildFile; fileRef = A9F9084828002BBA00822416 /* OwnerEntity+CoreDataProperties.swift */; };
		A9F9085028006B7C00822416 /* RepositoryEntity+CoreDataProperties.swift in Sources */ = {isa = PBXBuildFile; fileRef = A9F9084E28006B7C00822416 /* RepositoryEntity+CoreDataProperties.swift */; };
/* End PBXBuildFile section */

/* Begin PBXFileReference section */
		A980A96427FED7C600A283A9 /* Coordinator.swift */ = {isa = PBXFileReference; lastKnownFileType = sourcecode.swift; path = Coordinator.swift; sourceTree = "<group>"; };
		A980A96627FEEA2C00A283A9 /* StarredRepositoryCoordinator.swift */ = {isa = PBXFileReference; lastKnownFileType = sourcecode.swift; path = StarredRepositoryCoordinator.swift; sourceTree = "<group>"; };
		A980A96827FEF71200A283A9 /* MainTabBarController.swift */ = {isa = PBXFileReference; lastKnownFileType = sourcecode.swift; path = MainTabBarController.swift; sourceTree = "<group>"; };
		A980A96A27FEFA2F00A283A9 /* StarredRepositoryUseCase.swift */ = {isa = PBXFileReference; lastKnownFileType = sourcecode.swift; path = StarredRepositoryUseCase.swift; sourceTree = "<group>"; };
		A9CC1B1D27FF126E0002CB7E /* StarredRepositoryViewController.swift */ = {isa = PBXFileReference; lastKnownFileType = sourcecode.swift; path = StarredRepositoryViewController.swift; sourceTree = "<group>"; };
		A9CC1B1F27FF12790002CB7E /* StarredRepository.storyboard */ = {isa = PBXFileReference; lastKnownFileType = file.storyboard; path = StarredRepository.storyboard; sourceTree = "<group>"; };
		A9CC1B2127FF12820002CB7E /* StarredRepositoryViewModel.swift */ = {isa = PBXFileReference; lastKnownFileType = sourcecode.swift; path = StarredRepositoryViewModel.swift; sourceTree = "<group>"; };
		A9E0712027FCC38500CA7FE8 /* RepositoryApp.app */ = {isa = PBXFileReference; explicitFileType = wrapper.application; includeInIndex = 0; path = RepositoryApp.app; sourceTree = BUILT_PRODUCTS_DIR; };
		A9E0712327FCC38500CA7FE8 /* AppDelegate.swift */ = {isa = PBXFileReference; lastKnownFileType = sourcecode.swift; path = AppDelegate.swift; sourceTree = "<group>"; };
		A9E0712527FCC38500CA7FE8 /* SceneDelegate.swift */ = {isa = PBXFileReference; lastKnownFileType = sourcecode.swift; path = SceneDelegate.swift; sourceTree = "<group>"; };
		A9E0712C27FCC38700CA7FE8 /* Assets.xcassets */ = {isa = PBXFileReference; lastKnownFileType = folder.assetcatalog; path = Assets.xcassets; sourceTree = "<group>"; };
		A9E0712F27FCC38700CA7FE8 /* Base */ = {isa = PBXFileReference; lastKnownFileType = file.storyboard; name = Base; path = Base.lproj/LaunchScreen.storyboard; sourceTree = "<group>"; };
		A9E0713127FCC38700CA7FE8 /* Info.plist */ = {isa = PBXFileReference; lastKnownFileType = text.plist.xml; path = Info.plist; sourceTree = "<group>"; };
		A9E0713A27FCC51B00CA7FE8 /* MainCoordinator.swift */ = {isa = PBXFileReference; lastKnownFileType = sourcecode.swift; path = MainCoordinator.swift; sourceTree = "<group>"; };
		A9E0713C27FCC64700CA7FE8 /* RepositorySearchCoordinator.swift */ = {isa = PBXFileReference; lastKnownFileType = sourcecode.swift; path = RepositorySearchCoordinator.swift; sourceTree = "<group>"; };
		A9E0714227FCC78800CA7FE8 /* RepositorySearchViewController.swift */ = {isa = PBXFileReference; lastKnownFileType = sourcecode.swift; path = RepositorySearchViewController.swift; sourceTree = "<group>"; };
		A9E0714627FCC7E400CA7FE8 /* RepositorySearch.storyboard */ = {isa = PBXFileReference; lastKnownFileType = file.storyboard; path = RepositorySearch.storyboard; sourceTree = "<group>"; };
		A9E0714827FCC7FC00CA7FE8 /* RepositorySearchViewModel.swift */ = {isa = PBXFileReference; lastKnownFileType = sourcecode.swift; path = RepositorySearchViewModel.swift; sourceTree = "<group>"; };
		A9E0714B27FCCE1600CA7FE8 /* RepositorySearchUseCase.swift */ = {isa = PBXFileReference; lastKnownFileType = sourcecode.swift; path = RepositorySearchUseCase.swift; sourceTree = "<group>"; };
		A9E0714E27FCDAA400CA7FE8 /* Repository.swift */ = {isa = PBXFileReference; lastKnownFileType = sourcecode.swift; path = Repository.swift; sourceTree = "<group>"; };
		A9E0715427FD6A8C00CA7FE8 /* String+Extensions.swift */ = {isa = PBXFileReference; lastKnownFileType = sourcecode.swift; path = "String+Extensions.swift"; sourceTree = "<group>"; };
		A9E0715727FD6F2900CA7FE8 /* RepositoryTableViewCell.swift */ = {isa = PBXFileReference; lastKnownFileType = sourcecode.swift; path = RepositoryTableViewCell.swift; sourceTree = "<group>"; };
		A9E0715827FD6F2900CA7FE8 /* RepositoryTableViewCell.xib */ = {isa = PBXFileReference; lastKnownFileType = file.xib; path = RepositoryTableViewCell.xib; sourceTree = "<group>"; };
		A9E0715C27FDDDF200CA7FE8 /* RepositoryDetailsViewController.swift */ = {isa = PBXFileReference; lastKnownFileType = sourcecode.swift; path = RepositoryDetailsViewController.swift; sourceTree = "<group>"; };
		A9E0715E27FDDDFC00CA7FE8 /* RepositoryDetails.storyboard */ = {isa = PBXFileReference; lastKnownFileType = file.storyboard; path = RepositoryDetails.storyboard; sourceTree = "<group>"; };
		A9E0716027FDDE0A00CA7FE8 /* RepositoryDetailsViewModel.swift */ = {isa = PBXFileReference; lastKnownFileType = sourcecode.swift; path = RepositoryDetailsViewModel.swift; sourceTree = "<group>"; };
		A9E0716227FDE13E00CA7FE8 /* RepositoryDetailsUseCase.swift */ = {isa = PBXFileReference; lastKnownFileType = sourcecode.swift; path = RepositoryDetailsUseCase.swift; sourceTree = "<group>"; };
		A9F908242800120C00822416 /* RepositoryApp.xcdatamodel */ = {isa = PBXFileReference; lastKnownFileType = wrapper.xcdatamodel; path = RepositoryApp.xcdatamodel; sourceTree = "<group>"; };
		A9F9084528002BBA00822416 /* RepositoryEntity+CoreDataClass.swift */ = {isa = PBXFileReference; lastKnownFileType = sourcecode.swift; path = "RepositoryEntity+CoreDataClass.swift"; sourceTree = "<group>"; };
		A9F9084728002BBA00822416 /* OwnerEntity+CoreDataClass.swift */ = {isa = PBXFileReference; lastKnownFileType = sourcecode.swift; path = "OwnerEntity+CoreDataClass.swift"; sourceTree = "<group>"; };
		A9F9084828002BBA00822416 /* OwnerEntity+CoreDataProperties.swift */ = {isa = PBXFileReference; lastKnownFileType = sourcecode.swift; path = "OwnerEntity+CoreDataProperties.swift"; sourceTree = "<group>"; };
		A9F9084E28006B7C00822416 /* RepositoryEntity+CoreDataProperties.swift */ = {isa = PBXFileReference; lastKnownFileType = sourcecode.swift; path = "RepositoryEntity+CoreDataProperties.swift"; sourceTree = "<group>"; };
/* End PBXFileReference section */

/* Begin PBXFrameworksBuildPhase section */
		A9E0711D27FCC38500CA7FE8 /* Frameworks */ = {
			isa = PBXFrameworksBuildPhase;
			buildActionMask = 2147483647;
			files = (
			);
			runOnlyForDeploymentPostprocessing = 0;
		};
/* End PBXFrameworksBuildPhase section */

/* Begin PBXGroup section */
		A9CC1B1C27FF12520002CB7E /* StarredRepository */ = {
			isa = PBXGroup;
			children = (
				A9CC1B1F27FF12790002CB7E /* StarredRepository.storyboard */,
				A9CC1B1D27FF126E0002CB7E /* StarredRepositoryViewController.swift */,
				A9CC1B2127FF12820002CB7E /* StarredRepositoryViewModel.swift */,
			);
			path = StarredRepository;
			sourceTree = "<group>";
		};
		A9CC1B2327FF13200002CB7E /* Reusable */ = {
			isa = PBXGroup;
			children = (
				A9E0715627FD6F0E00CA7FE8 /* RepositoryTableViewCell */,
			);
			path = Reusable;
			sourceTree = "<group>";
		};
		A9E0711727FCC38500CA7FE8 = {
			isa = PBXGroup;
			children = (
				A9E0712227FCC38500CA7FE8 /* RepositoryApp */,
				A9E0712127FCC38500CA7FE8 /* Products */,
			);
			sourceTree = "<group>";
		};
		A9E0712127FCC38500CA7FE8 /* Products */ = {
			isa = PBXGroup;
			children = (
				A9E0712027FCC38500CA7FE8 /* RepositoryApp.app */,
			);
			name = Products;
			sourceTree = "<group>";
		};
		A9E0712227FCC38500CA7FE8 /* RepositoryApp */ = {
			isa = PBXGroup;
			children = (
				A9F9082E2800153900822416 /* CoreDataModel */,
				A9F908232800120C00822416 /* RepositoryApp.xcdatamodeld */,
				A9E0715327FD6A7C00CA7FE8 /* Extensions */,
				A9E0714D27FCDA8F00CA7FE8 /* Models */,
				A9E0713727FCC47C00CA7FE8 /* App */,
				A9E0713927FCC50600CA7FE8 /* Coordinator */,
				A9E0714A27FCCDE300CA7FE8 /* UseCases */,
				A9E0713E27FCC72B00CA7FE8 /* Screens */,
				A9E0713827FCC4AD00CA7FE8 /* Resourcess */,
			);
			path = RepositoryApp;
			sourceTree = "<group>";
		};
		A9E0713727FCC47C00CA7FE8 /* App */ = {
			isa = PBXGroup;
			children = (
				A9E0712327FCC38500CA7FE8 /* AppDelegate.swift */,
				A9E0712527FCC38500CA7FE8 /* SceneDelegate.swift */,
			);
			path = App;
			sourceTree = "<group>";
		};
		A9E0713827FCC4AD00CA7FE8 /* Resourcess */ = {
			isa = PBXGroup;
			children = (
				A9E0712C27FCC38700CA7FE8 /* Assets.xcassets */,
				A9E0712E27FCC38700CA7FE8 /* LaunchScreen.storyboard */,
				A9E0713127FCC38700CA7FE8 /* Info.plist */,
			);
			path = Resourcess;
			sourceTree = "<group>";
		};
		A9E0713927FCC50600CA7FE8 /* Coordinator */ = {
			isa = PBXGroup;
			children = (
				A980A96427FED7C600A283A9 /* Coordinator.swift */,
				A9E0713A27FCC51B00CA7FE8 /* MainCoordinator.swift */,
				A980A96827FEF71200A283A9 /* MainTabBarController.swift */,
				A9E0713C27FCC64700CA7FE8 /* RepositorySearchCoordinator.swift */,
				A980A96627FEEA2C00A283A9 /* StarredRepositoryCoordinator.swift */,
			);
			path = Coordinator;
			sourceTree = "<group>";
		};
		A9E0713E27FCC72B00CA7FE8 /* Screens */ = {
			isa = PBXGroup;
			children = (
				A9CC1B2327FF13200002CB7E /* Reusable */,
				A9E0713F27FCC73000CA7FE8 /* RepositorySearch */,
				A9CC1B1C27FF12520002CB7E /* StarredRepository */,
				A9E0715B27FDDDC300CA7FE8 /* RepositoryDetails */,
			);
			path = Screens;
			sourceTree = "<group>";
		};
		A9E0713F27FCC73000CA7FE8 /* RepositorySearch */ = {
			isa = PBXGroup;
			children = (
				A9E0714627FCC7E400CA7FE8 /* RepositorySearch.storyboard */,
				A9E0714227FCC78800CA7FE8 /* RepositorySearchViewController.swift */,
				A9E0714827FCC7FC00CA7FE8 /* RepositorySearchViewModel.swift */,
			);
			path = RepositorySearch;
			sourceTree = "<group>";
		};
		A9E0714A27FCCDE300CA7FE8 /* UseCases */ = {
			isa = PBXGroup;
			children = (
				A9E0714B27FCCE1600CA7FE8 /* RepositorySearchUseCase.swift */,
				A9E0716227FDE13E00CA7FE8 /* RepositoryDetailsUseCase.swift */,
				A980A96A27FEFA2F00A283A9 /* StarredRepositoryUseCase.swift */,
			);
			path = UseCases;
			sourceTree = "<group>";
		};
		A9E0714D27FCDA8F00CA7FE8 /* Models */ = {
			isa = PBXGroup;
			children = (
				A9E0714E27FCDAA400CA7FE8 /* Repository.swift */,
			);
			path = Models;
			sourceTree = "<group>";
		};
		A9E0715327FD6A7C00CA7FE8 /* Extensions */ = {
			isa = PBXGroup;
			children = (
				A9E0715427FD6A8C00CA7FE8 /* String+Extensions.swift */,
			);
			path = Extensions;
			sourceTree = "<group>";
		};
		A9E0715627FD6F0E00CA7FE8 /* RepositoryTableViewCell */ = {
			isa = PBXGroup;
			children = (
				A9E0715727FD6F2900CA7FE8 /* RepositoryTableViewCell.swift */,
				A9E0715827FD6F2900CA7FE8 /* RepositoryTableViewCell.xib */,
			);
			path = RepositoryTableViewCell;
			sourceTree = "<group>";
		};
		A9E0715B27FDDDC300CA7FE8 /* RepositoryDetails */ = {
			isa = PBXGroup;
			children = (
				A9E0715E27FDDDFC00CA7FE8 /* RepositoryDetails.storyboard */,
				A9E0715C27FDDDF200CA7FE8 /* RepositoryDetailsViewController.swift */,
				A9E0716027FDDE0A00CA7FE8 /* RepositoryDetailsViewModel.swift */,
			);
			path = RepositoryDetails;
			sourceTree = "<group>";
		};
		A9F9082E2800153900822416 /* CoreDataModel */ = {
			isa = PBXGroup;
			children = (
				A9F9084728002BBA00822416 /* OwnerEntity+CoreDataClass.swift */,
				A9F9084828002BBA00822416 /* OwnerEntity+CoreDataProperties.swift */,
				A9F9084528002BBA00822416 /* RepositoryEntity+CoreDataClass.swift */,
				A9F9084E28006B7C00822416 /* RepositoryEntity+CoreDataProperties.swift */,
			);
			path = CoreDataModel;
			sourceTree = "<group>";
		};
/* End PBXGroup section */

/* Begin PBXNativeTarget section */
		A9E0711F27FCC38500CA7FE8 /* RepositoryApp */ = {
			isa = PBXNativeTarget;
			buildConfigurationList = A9E0713427FCC38700CA7FE8 /* Build configuration list for PBXNativeTarget "RepositoryApp" */;
			buildPhases = (
				A9E0711C27FCC38500CA7FE8 /* Sources */,
				A9E0711D27FCC38500CA7FE8 /* Frameworks */,
				A9E0711E27FCC38500CA7FE8 /* Resources */,
			);
			buildRules = (
			);
			dependencies = (
			);
			name = RepositoryApp;
			productName = RepositoryApp;
			productReference = A9E0712027FCC38500CA7FE8 /* RepositoryApp.app */;
			productType = "com.apple.product-type.application";
		};
/* End PBXNativeTarget section */

/* Begin PBXProject section */
		A9E0711827FCC38500CA7FE8 /* Project object */ = {
			isa = PBXProject;
			attributes = {
				BuildIndependentTargetsInParallel = 1;
				LastSwiftUpdateCheck = 1320;
				LastUpgradeCheck = 1320;
				TargetAttributes = {
					A9E0711F27FCC38500CA7FE8 = {
						CreatedOnToolsVersion = 13.2.1;
					};
				};
			};
			buildConfigurationList = A9E0711B27FCC38500CA7FE8 /* Build configuration list for PBXProject "RepositoryApp" */;
			compatibilityVersion = "Xcode 13.0";
			developmentRegion = en;
			hasScannedForEncodings = 0;
			knownRegions = (
				en,
				Base,
			);
			mainGroup = A9E0711727FCC38500CA7FE8;
			productRefGroup = A9E0712127FCC38500CA7FE8 /* Products */;
			projectDirPath = "";
			projectRoot = "";
			targets = (
				A9E0711F27FCC38500CA7FE8 /* RepositoryApp */,
			);
		};
/* End PBXProject section */

/* Begin PBXResourcesBuildPhase section */
		A9E0711E27FCC38500CA7FE8 /* Resources */ = {
			isa = PBXResourcesBuildPhase;
			buildActionMask = 2147483647;
			files = (
				A9E0714727FCC7E400CA7FE8 /* RepositorySearch.storyboard in Resources */,
				A9E0715F27FDDDFC00CA7FE8 /* RepositoryDetails.storyboard in Resources */,
				A9E0713027FCC38700CA7FE8 /* LaunchScreen.storyboard in Resources */,
				A9E0712D27FCC38700CA7FE8 /* Assets.xcassets in Resources */,
				A9CC1B2027FF12790002CB7E /* StarredRepository.storyboard in Resources */,
				A9E0715A27FD6F2900CA7FE8 /* RepositoryTableViewCell.xib in Resources */,
			);
			runOnlyForDeploymentPostprocessing = 0;
		};
/* End PBXResourcesBuildPhase section */

/* Begin PBXSourcesBuildPhase section */
		A9E0711C27FCC38500CA7FE8 /* Sources */ = {
			isa = PBXSourcesBuildPhase;
			buildActionMask = 2147483647;
			files = (
				A9F9085028006B7C00822416 /* RepositoryEntity+CoreDataProperties.swift in Sources */,
				A9CC1B1E27FF126E0002CB7E /* StarredRepositoryViewController.swift in Sources */,
				A9E0713B27FCC51B00CA7FE8 /* MainCoordinator.swift in Sources */,
				A9F9084C28002BBA00822416 /* OwnerEntity+CoreDataProperties.swift in Sources */,
				A9F9084928002BBA00822416 /* RepositoryEntity+CoreDataClass.swift in Sources */,
				A9E0713D27FCC64700CA7FE8 /* RepositorySearchCoordinator.swift in Sources */,
				A9F9084B28002BBA00822416 /* OwnerEntity+CoreDataClass.swift in Sources */,
				A9E0714927FCC7FC00CA7FE8 /* RepositorySearchViewModel.swift in Sources */,
				A9E0715927FD6F2900CA7FE8 /* RepositoryTableViewCell.swift in Sources */,
				A9E0715D27FDDDF200CA7FE8 /* RepositoryDetailsViewController.swift in Sources */,
				A980A96B27FEFA2F00A283A9 /* StarredRepositoryUseCase.swift in Sources */,
				A9E0716327FDE13E00CA7FE8 /* RepositoryDetailsUseCase.swift in Sources */,
				A980A96727FEEA2C00A283A9 /* StarredRepositoryCoordinator.swift in Sources */,
				A980A96527FED7C600A283A9 /* Coordinator.swift in Sources */,
				A9E0714F27FCDAA400CA7FE8 /* Repository.swift in Sources */,
				A9E0716127FDDE0A00CA7FE8 /* RepositoryDetailsViewModel.swift in Sources */,
				A980A96927FEF71200A283A9 /* MainTabBarController.swift in Sources */,
				A9E0715527FD6A8C00CA7FE8 /* String+Extensions.swift in Sources */,
				A9CC1B2227FF12820002CB7E /* StarredRepositoryViewModel.swift in Sources */,
				A9F908252800120C00822416 /* RepositoryApp.xcdatamodeld in Sources */,
				A9E0712427FCC38500CA7FE8 /* AppDelegate.swift in Sources */,
				A9E0714C27FCCE1600CA7FE8 /* RepositorySearchUseCase.swift in Sources */,
				A9E0712627FCC38500CA7FE8 /* SceneDelegate.swift in Sources */,
				A9E0714427FCC78800CA7FE8 /* RepositorySearchViewController.swift in Sources */,
			);
			runOnlyForDeploymentPostprocessing = 0;
		};
/* End PBXSourcesBuildPhase section */

/* Begin PBXVariantGroup section */
		A9E0712E27FCC38700CA7FE8 /* LaunchScreen.storyboard */ = {
			isa = PBXVariantGroup;
			children = (
				A9E0712F27FCC38700CA7FE8 /* Base */,
			);
			name = LaunchScreen.storyboard;
			sourceTree = "<group>";
		};
/* End PBXVariantGroup section */

/* Begin XCBuildConfiguration section */
		A9E0713227FCC38700CA7FE8 /* Debug */ = {
			isa = XCBuildConfiguration;
			buildSettings = {
				ALWAYS_SEARCH_USER_PATHS = NO;
				CLANG_ANALYZER_NONNULL = YES;
				CLANG_ANALYZER_NUMBER_OBJECT_CONVERSION = YES_AGGRESSIVE;
				CLANG_CXX_LANGUAGE_STANDARD = "gnu++17";
				CLANG_CXX_LIBRARY = "libc++";
				CLANG_ENABLE_MODULES = YES;
				CLANG_ENABLE_OBJC_ARC = YES;
				CLANG_ENABLE_OBJC_WEAK = YES;
				CLANG_WARN_BLOCK_CAPTURE_AUTORELEASING = YES;
				CLANG_WARN_BOOL_CONVERSION = YES;
				CLANG_WARN_COMMA = YES;
				CLANG_WARN_CONSTANT_CONVERSION = YES;
				CLANG_WARN_DEPRECATED_OBJC_IMPLEMENTATIONS = YES;
				CLANG_WARN_DIRECT_OBJC_ISA_USAGE = YES_ERROR;
				CLANG_WARN_DOCUMENTATION_COMMENTS = YES;
				CLANG_WARN_EMPTY_BODY = YES;
				CLANG_WARN_ENUM_CONVERSION = YES;
				CLANG_WARN_INFINITE_RECURSION = YES;
				CLANG_WARN_INT_CONVERSION = YES;
				CLANG_WARN_NON_LITERAL_NULL_CONVERSION = YES;
				CLANG_WARN_OBJC_IMPLICIT_RETAIN_SELF = YES;
				CLANG_WARN_OBJC_LITERAL_CONVERSION = YES;
				CLANG_WARN_OBJC_ROOT_CLASS = YES_ERROR;
				CLANG_WARN_QUOTED_INCLUDE_IN_FRAMEWORK_HEADER = YES;
				CLANG_WARN_RANGE_LOOP_ANALYSIS = YES;
				CLANG_WARN_STRICT_PROTOTYPES = YES;
				CLANG_WARN_SUSPICIOUS_MOVE = YES;
				CLANG_WARN_UNGUARDED_AVAILABILITY = YES_AGGRESSIVE;
				CLANG_WARN_UNREACHABLE_CODE = YES;
				CLANG_WARN__DUPLICATE_METHOD_MATCH = YES;
				COPY_PHASE_STRIP = NO;
				DEBUG_INFORMATION_FORMAT = dwarf;
				ENABLE_STRICT_OBJC_MSGSEND = YES;
				ENABLE_TESTABILITY = YES;
				GCC_C_LANGUAGE_STANDARD = gnu11;
				GCC_DYNAMIC_NO_PIC = NO;
				GCC_NO_COMMON_BLOCKS = YES;
				GCC_OPTIMIZATION_LEVEL = 0;
				GCC_PREPROCESSOR_DEFINITIONS = (
					"DEBUG=1",
					"$(inherited)",
				);
				GCC_WARN_64_TO_32_BIT_CONVERSION = YES;
				GCC_WARN_ABOUT_RETURN_TYPE = YES_ERROR;
				GCC_WARN_UNDECLARED_SELECTOR = YES;
				GCC_WARN_UNINITIALIZED_AUTOS = YES_AGGRESSIVE;
				GCC_WARN_UNUSED_FUNCTION = YES;
				GCC_WARN_UNUSED_VARIABLE = YES;
				IPHONEOS_DEPLOYMENT_TARGET = 15.2;
				MTL_ENABLE_DEBUG_INFO = INCLUDE_SOURCE;
				MTL_FAST_MATH = YES;
				ONLY_ACTIVE_ARCH = YES;
				SDKROOT = iphoneos;
				SWIFT_ACTIVE_COMPILATION_CONDITIONS = DEBUG;
				SWIFT_OPTIMIZATION_LEVEL = "-Onone";
			};
			name = Debug;
		};
		A9E0713327FCC38700CA7FE8 /* Release */ = {
			isa = XCBuildConfiguration;
			buildSettings = {
				ALWAYS_SEARCH_USER_PATHS = NO;
				CLANG_ANALYZER_NONNULL = YES;
				CLANG_ANALYZER_NUMBER_OBJECT_CONVERSION = YES_AGGRESSIVE;
				CLANG_CXX_LANGUAGE_STANDARD = "gnu++17";
				CLANG_CXX_LIBRARY = "libc++";
				CLANG_ENABLE_MODULES = YES;
				CLANG_ENABLE_OBJC_ARC = YES;
				CLANG_ENABLE_OBJC_WEAK = YES;
				CLANG_WARN_BLOCK_CAPTURE_AUTORELEASING = YES;
				CLANG_WARN_BOOL_CONVERSION = YES;
				CLANG_WARN_COMMA = YES;
				CLANG_WARN_CONSTANT_CONVERSION = YES;
				CLANG_WARN_DEPRECATED_OBJC_IMPLEMENTATIONS = YES;
				CLANG_WARN_DIRECT_OBJC_ISA_USAGE = YES_ERROR;
				CLANG_WARN_DOCUMENTATION_COMMENTS = YES;
				CLANG_WARN_EMPTY_BODY = YES;
				CLANG_WARN_ENUM_CONVERSION = YES;
				CLANG_WARN_INFINITE_RECURSION = YES;
				CLANG_WARN_INT_CONVERSION = YES;
				CLANG_WARN_NON_LITERAL_NULL_CONVERSION = YES;
				CLANG_WARN_OBJC_IMPLICIT_RETAIN_SELF = YES;
				CLANG_WARN_OBJC_LITERAL_CONVERSION = YES;
				CLANG_WARN_OBJC_ROOT_CLASS = YES_ERROR;
				CLANG_WARN_QUOTED_INCLUDE_IN_FRAMEWORK_HEADER = YES;
				CLANG_WARN_RANGE_LOOP_ANALYSIS = YES;
				CLANG_WARN_STRICT_PROTOTYPES = YES;
				CLANG_WARN_SUSPICIOUS_MOVE = YES;
				CLANG_WARN_UNGUARDED_AVAILABILITY = YES_AGGRESSIVE;
				CLANG_WARN_UNREACHABLE_CODE = YES;
				CLANG_WARN__DUPLICATE_METHOD_MATCH = YES;
				COPY_PHASE_STRIP = NO;
				DEBUG_INFORMATION_FORMAT = "dwarf-with-dsym";
				ENABLE_NS_ASSERTIONS = NO;
				ENABLE_STRICT_OBJC_MSGSEND = YES;
				GCC_C_LANGUAGE_STANDARD = gnu11;
				GCC_NO_COMMON_BLOCKS = YES;
				GCC_WARN_64_TO_32_BIT_CONVERSION = YES;
				GCC_WARN_ABOUT_RETURN_TYPE = YES_ERROR;
				GCC_WARN_UNDECLARED_SELECTOR = YES;
				GCC_WARN_UNINITIALIZED_AUTOS = YES_AGGRESSIVE;
				GCC_WARN_UNUSED_FUNCTION = YES;
				GCC_WARN_UNUSED_VARIABLE = YES;
				IPHONEOS_DEPLOYMENT_TARGET = 15.2;
				MTL_ENABLE_DEBUG_INFO = NO;
				MTL_FAST_MATH = YES;
				SDKROOT = iphoneos;
				SWIFT_COMPILATION_MODE = wholemodule;
				SWIFT_OPTIMIZATION_LEVEL = "-O";
				VALIDATE_PRODUCT = YES;
			};
			name = Release;
		};
		A9E0713527FCC38700CA7FE8 /* Debug */ = {
			isa = XCBuildConfiguration;
			buildSettings = {
				ASSETCATALOG_COMPILER_APPICON_NAME = AppIcon;
				ASSETCATALOG_COMPILER_GLOBAL_ACCENT_COLOR_NAME = AccentColor;
				CODE_SIGN_STYLE = Automatic;
				CURRENT_PROJECT_VERSION = 1;
				DEVELOPMENT_TEAM = YC9A76K73N;
				GENERATE_INFOPLIST_FILE = YES;
				INFOPLIST_FILE = RepositoryApp/Resourcess/Info.plist;
				INFOPLIST_KEY_UIApplicationSupportsIndirectInputEvents = YES;
				INFOPLIST_KEY_UILaunchStoryboardName = LaunchScreen;
				INFOPLIST_KEY_UIMainStoryboardFile = RepositorySearch;
				INFOPLIST_KEY_UISupportedInterfaceOrientations_iPad = "UIInterfaceOrientationPortrait UIInterfaceOrientationPortraitUpsideDown UIInterfaceOrientationLandscapeLeft UIInterfaceOrientationLandscapeRight";
				INFOPLIST_KEY_UISupportedInterfaceOrientations_iPhone = "UIInterfaceOrientationPortrait UIInterfaceOrientationLandscapeLeft UIInterfaceOrientationLandscapeRight";
				LD_RUNPATH_SEARCH_PATHS = (
					"$(inherited)",
					"@executable_path/Frameworks",
				);
				MARKETING_VERSION = 1.0;
				PRODUCT_BUNDLE_IDENTIFIER = com.joglidze.repositoryapp.RepositoryApp;
				PRODUCT_NAME = "$(TARGET_NAME)";
				SWIFT_EMIT_LOC_STRINGS = YES;
				SWIFT_VERSION = 5.0;
				TARGETED_DEVICE_FAMILY = "1,2";
			};
			name = Debug;
		};
		A9E0713627FCC38700CA7FE8 /* Release */ = {
			isa = XCBuildConfiguration;
			buildSettings = {
				ASSETCATALOG_COMPILER_APPICON_NAME = AppIcon;
				ASSETCATALOG_COMPILER_GLOBAL_ACCENT_COLOR_NAME = AccentColor;
				CODE_SIGN_STYLE = Automatic;
				CURRENT_PROJECT_VERSION = 1;
				DEVELOPMENT_TEAM = YC9A76K73N;
				GENERATE_INFOPLIST_FILE = YES;
				INFOPLIST_FILE = RepositoryApp/Resourcess/Info.plist;
				INFOPLIST_KEY_UIApplicationSupportsIndirectInputEvents = YES;
				INFOPLIST_KEY_UILaunchStoryboardName = LaunchScreen;
				INFOPLIST_KEY_UIMainStoryboardFile = RepositorySearch;
				INFOPLIST_KEY_UISupportedInterfaceOrientations_iPad = "UIInterfaceOrientationPortrait UIInterfaceOrientationPortraitUpsideDown UIInterfaceOrientationLandscapeLeft UIInterfaceOrientationLandscapeRight";
				INFOPLIST_KEY_UISupportedInterfaceOrientations_iPhone = "UIInterfaceOrientationPortrait UIInterfaceOrientationLandscapeLeft UIInterfaceOrientationLandscapeRight";
				LD_RUNPATH_SEARCH_PATHS = (
					"$(inherited)",
					"@executable_path/Frameworks",
				);
				MARKETING_VERSION = 1.0;
				PRODUCT_BUNDLE_IDENTIFIER = com.joglidze.repositoryapp.RepositoryApp;
				PRODUCT_NAME = "$(TARGET_NAME)";
				SWIFT_EMIT_LOC_STRINGS = YES;
				SWIFT_VERSION = 5.0;
				TARGETED_DEVICE_FAMILY = "1,2";
			};
			name = Release;
		};
/* End XCBuildConfiguration section */

/* Begin XCConfigurationList section */
		A9E0711B27FCC38500CA7FE8 /* Build configuration list for PBXProject "RepositoryApp" */ = {
			isa = XCConfigurationList;
			buildConfigurations = (
				A9E0713227FCC38700CA7FE8 /* Debug */,
				A9E0713327FCC38700CA7FE8 /* Release */,
			);
			defaultConfigurationIsVisible = 0;
			defaultConfigurationName = Release;
		};
		A9E0713427FCC38700CA7FE8 /* Build configuration list for PBXNativeTarget "RepositoryApp" */ = {
			isa = XCConfigurationList;
			buildConfigurations = (
				A9E0713527FCC38700CA7FE8 /* Debug */,
				A9E0713627FCC38700CA7FE8 /* Release */,
			);
			defaultConfigurationIsVisible = 0;
			defaultConfigurationName = Release;
		};
/* End XCConfigurationList section */

/* Begin XCVersionGroup section */
		A9F908232800120C00822416 /* RepositoryApp.xcdatamodeld */ = {
			isa = XCVersionGroup;
			children = (
				A9F908242800120C00822416 /* RepositoryApp.xcdatamodel */,
			);
			currentVersion = A9F908242800120C00822416 /* RepositoryApp.xcdatamodel */;
			path = RepositoryApp.xcdatamodeld;
			sourceTree = "<group>";
			versionGroupType = wrapper.xcdatamodel;
		};
/* End XCVersionGroup section */
	};
	rootObject = A9E0711827FCC38500CA7FE8 /* Project object */;
}
